// !$*UTF8*$!
{
	archiveVersion = 1;
	classes = {
	};
	objectVersion = 46;
	objects = {

/* Begin PBXBuildFile section */
		C40809C81AE60088003E0F0C /* BofaViewController.m in Sources */ = {isa = PBXBuildFile; fileRef = C40809C71AE60088003E0F0C /* BofaViewController.m */; };
		C40809C91AE60088003E0F0C /* BofaViewController.m in Sources */ = {isa = PBXBuildFile; fileRef = C40809C71AE60088003E0F0C /* BofaViewController.m */; };
		C40809D91AE6AE21003E0F0C /* KeychainWrapper.m in Sources */ = {isa = PBXBuildFile; fileRef = C40809D81AE6AE21003E0F0C /* KeychainWrapper.m */; };
		C40809DA1AE6AE21003E0F0C /* KeychainWrapper.m in Sources */ = {isa = PBXBuildFile; fileRef = C40809D81AE6AE21003E0F0C /* KeychainWrapper.m */; };
		C4336EEA1AEA94DD00F4741A /* LocalAuthentication.framework in Frameworks */ = {isa = PBXBuildFile; fileRef = C4336EE91AEA94DD00F4741A /* LocalAuthentication.framework */; };
		C447B6821AE059E700F76EFE /* main.m in Sources */ = {isa = PBXBuildFile; fileRef = C447B6811AE059E700F76EFE /* main.m */; };
		C447B6851AE059E700F76EFE /* AppDelegate.m in Sources */ = {isa = PBXBuildFile; fileRef = C447B6841AE059E700F76EFE /* AppDelegate.m */; };
		C447B6881AE059E700F76EFE /* USAAViewController.m in Sources */ = {isa = PBXBuildFile; fileRef = C447B6871AE059E700F76EFE /* USAAViewController.m */; };
		C447B68B1AE059E700F76EFE /* Main.storyboard in Resources */ = {isa = PBXBuildFile; fileRef = C447B6891AE059E700F76EFE /* Main.storyboard */; };
		C447B68D1AE059E700F76EFE /* Images.xcassets in Resources */ = {isa = PBXBuildFile; fileRef = C447B68C1AE059E700F76EFE /* Images.xcassets */; };
		C447B6901AE059E700F76EFE /* LaunchScreen.xib in Resources */ = {isa = PBXBuildFile; fileRef = C447B68E1AE059E700F76EFE /* LaunchScreen.xib */; };
		C447B69C1AE059E700F76EFE /* Plaid2Tests.m in Sources */ = {isa = PBXBuildFile; fileRef = C447B69B1AE059E700F76EFE /* Plaid2Tests.m */; };
		C447B6CE1AE05A2E00F76EFE /* AFHTTPRequestOperation.m in Sources */ = {isa = PBXBuildFile; fileRef = C447B6A81AE05A2E00F76EFE /* AFHTTPRequestOperation.m */; };
		C447B6CF1AE05A2E00F76EFE /* AFHTTPRequestOperationManager.m in Sources */ = {isa = PBXBuildFile; fileRef = C447B6AA1AE05A2E00F76EFE /* AFHTTPRequestOperationManager.m */; };
		C447B6D01AE05A2E00F76EFE /* AFHTTPSessionManager.m in Sources */ = {isa = PBXBuildFile; fileRef = C447B6AC1AE05A2E00F76EFE /* AFHTTPSessionManager.m */; };
		C447B6D11AE05A2E00F76EFE /* AFNetworkReachabilityManager.m in Sources */ = {isa = PBXBuildFile; fileRef = C447B6AF1AE05A2E00F76EFE /* AFNetworkReachabilityManager.m */; };
		C447B6D21AE05A2E00F76EFE /* AFSecurityPolicy.m in Sources */ = {isa = PBXBuildFile; fileRef = C447B6B11AE05A2E00F76EFE /* AFSecurityPolicy.m */; };
		C447B6D31AE05A2E00F76EFE /* AFURLConnectionOperation.m in Sources */ = {isa = PBXBuildFile; fileRef = C447B6B31AE05A2E00F76EFE /* AFURLConnectionOperation.m */; };
		C447B6D41AE05A2E00F76EFE /* AFURLRequestSerialization.m in Sources */ = {isa = PBXBuildFile; fileRef = C447B6B51AE05A2E00F76EFE /* AFURLRequestSerialization.m */; };
		C447B6D51AE05A2E00F76EFE /* AFURLResponseSerialization.m in Sources */ = {isa = PBXBuildFile; fileRef = C447B6B71AE05A2E00F76EFE /* AFURLResponseSerialization.m */; };
		C447B6D61AE05A2E00F76EFE /* AFURLSessionManager.m in Sources */ = {isa = PBXBuildFile; fileRef = C447B6B91AE05A2E00F76EFE /* AFURLSessionManager.m */; };
		C447B6E81AE05A6300F76EFE /* PlaidHTTPClient.m in Sources */ = {isa = PBXBuildFile; fileRef = C447B6E41AE05A6300F76EFE /* PlaidHTTPClient.m */; };
		C447B6E91AE05A6300F76EFE /* PlaidHTTPClient.m in Sources */ = {isa = PBXBuildFile; fileRef = C447B6E41AE05A6300F76EFE /* PlaidHTTPClient.m */; };
		C447B6EE1AE06DB700F76EFE /* MFAViewController.m in Sources */ = {isa = PBXBuildFile; fileRef = C447B6ED1AE06DB700F76EFE /* MFAViewController.m */; };
		C447B6EF1AE06DB700F76EFE /* MFAViewController.m in Sources */ = {isa = PBXBuildFile; fileRef = C447B6ED1AE06DB700F76EFE /* MFAViewController.m */; };
		C447B6F61AE15A0400F76EFE /* Accounts.m in Sources */ = {isa = PBXBuildFile; fileRef = C447B6F51AE15A0400F76EFE /* Accounts.m */; };
		C447B6F71AE15A0400F76EFE /* Accounts.m in Sources */ = {isa = PBXBuildFile; fileRef = C447B6F51AE15A0400F76EFE /* Accounts.m */; };
		C447B6FF1AE17BBF00F76EFE /* TransactionViewController.m in Sources */ = {isa = PBXBuildFile; fileRef = C447B6FE1AE17BBF00F76EFE /* TransactionViewController.m */; };
		C447B7001AE17BBF00F76EFE /* TransactionViewController.m in Sources */ = {isa = PBXBuildFile; fileRef = C447B6FE1AE17BBF00F76EFE /* TransactionViewController.m */; };
		C447B7031AE17C6D00F76EFE /* AccountViewController.m in Sources */ = {isa = PBXBuildFile; fileRef = C447B7021AE17C6D00F76EFE /* AccountViewController.m */; };
		C447B7041AE17C6D00F76EFE /* AccountViewController.m in Sources */ = {isa = PBXBuildFile; fileRef = C447B7021AE17C6D00F76EFE /* AccountViewController.m */; };
		C447B7071AE42E3400F76EFE /* SignUpViewController.m in Sources */ = {isa = PBXBuildFile; fileRef = C447B7061AE42E3400F76EFE /* SignUpViewController.m */; };
		C447B7081AE42E3400F76EFE /* SignUpViewController.m in Sources */ = {isa = PBXBuildFile; fileRef = C447B7061AE42E3400F76EFE /* SignUpViewController.m */; };
		C447B70C1AE42F6000F76EFE /* Bolts.framework in Frameworks */ = {isa = PBXBuildFile; fileRef = C447B7091AE42F6000F76EFE /* Bolts.framework */; };
		C447B70D1AE42F6000F76EFE /* ParseCrashReporting.framework in Frameworks */ = {isa = PBXBuildFile; fileRef = C447B70A1AE42F6000F76EFE /* ParseCrashReporting.framework */; };
		C447B70E1AE42F6000F76EFE /* ParseUI.framework in Frameworks */ = {isa = PBXBuildFile; fileRef = C447B70B1AE42F6000F76EFE /* ParseUI.framework */; };
		C447B7101AE42F7000F76EFE /* Parse.framework in Frameworks */ = {isa = PBXBuildFile; fileRef = C447B70F1AE42F7000F76EFE /* Parse.framework */; };
		C447B7181AE43AF400F76EFE /* Bolts.framework in Frameworks */ = {isa = PBXBuildFile; fileRef = C447B7121AE43AF300F76EFE /* Bolts.framework */; };
		C447B7191AE43AF400F76EFE /* Bolts.framework in Frameworks */ = {isa = PBXBuildFile; fileRef = C447B7121AE43AF300F76EFE /* Bolts.framework */; };
		C447B71A1AE43AF400F76EFE /* Parse.framework in Frameworks */ = {isa = PBXBuildFile; fileRef = C447B7131AE43AF300F76EFE /* Parse.framework */; };
		C447B71B1AE43AF400F76EFE /* Parse.framework in Frameworks */ = {isa = PBXBuildFile; fileRef = C447B7131AE43AF300F76EFE /* Parse.framework */; };
		C447B71C1AE43AF400F76EFE /* ParseCrashReporting.framework in Frameworks */ = {isa = PBXBuildFile; fileRef = C447B7141AE43AF300F76EFE /* ParseCrashReporting.framework */; };
		C447B71D1AE43AF400F76EFE /* ParseCrashReporting.framework in Frameworks */ = {isa = PBXBuildFile; fileRef = C447B7141AE43AF300F76EFE /* ParseCrashReporting.framework */; };
		C447B71E1AE43AF400F76EFE /* ParseFacebookUtils.framework in Frameworks */ = {isa = PBXBuildFile; fileRef = C447B7151AE43AF300F76EFE /* ParseFacebookUtils.framework */; };
		C447B71F1AE43AF400F76EFE /* ParseFacebookUtils.framework in Frameworks */ = {isa = PBXBuildFile; fileRef = C447B7151AE43AF300F76EFE /* ParseFacebookUtils.framework */; };
		C447B7201AE43AF400F76EFE /* ParseFacebookUtilsV4.framework in Frameworks */ = {isa = PBXBuildFile; fileRef = C447B7161AE43AF300F76EFE /* ParseFacebookUtilsV4.framework */; };
		C447B7211AE43AF400F76EFE /* ParseFacebookUtilsV4.framework in Frameworks */ = {isa = PBXBuildFile; fileRef = C447B7161AE43AF300F76EFE /* ParseFacebookUtilsV4.framework */; };
		C447B7221AE43AF400F76EFE /* ParseUI.framework in Frameworks */ = {isa = PBXBuildFile; fileRef = C447B7171AE43AF400F76EFE /* ParseUI.framework */; };
		C447B7231AE43AF400F76EFE /* ParseUI.framework in Frameworks */ = {isa = PBXBuildFile; fileRef = C447B7171AE43AF400F76EFE /* ParseUI.framework */; };
		C447B7251AE43E3500F76EFE /* AudioToolbox.framework in Frameworks */ = {isa = PBXBuildFile; fileRef = C447B7241AE43E3500F76EFE /* AudioToolbox.framework */; };
		C447B7271AE43E3D00F76EFE /* CFNetwork.framework in Frameworks */ = {isa = PBXBuildFile; fileRef = C447B7261AE43E3D00F76EFE /* CFNetwork.framework */; };
		C447B7291AE43E4600F76EFE /* CoreGraphics.framework in Frameworks */ = {isa = PBXBuildFile; fileRef = C447B7281AE43E4600F76EFE /* CoreGraphics.framework */; };
		C447B72B1AE43E5000F76EFE /* CoreLocation.framework in Frameworks */ = {isa = PBXBuildFile; fileRef = C447B72A1AE43E5000F76EFE /* CoreLocation.framework */; };
		C447B72D1AE43E5B00F76EFE /* libz.1.1.3.dylib in Frameworks */ = {isa = PBXBuildFile; fileRef = C447B72C1AE43E5B00F76EFE /* libz.1.1.3.dylib */; };
		C447B72F1AE43E6300F76EFE /* MobileCoreServices.framework in Frameworks */ = {isa = PBXBuildFile; fileRef = C447B72E1AE43E6300F76EFE /* MobileCoreServices.framework */; };
		C447B7311AE43E6B00F76EFE /* QuartzCore.framework in Frameworks */ = {isa = PBXBuildFile; fileRef = C447B7301AE43E6B00F76EFE /* QuartzCore.framework */; };
		C447B7331AE43E7200F76EFE /* Security.framework in Frameworks */ = {isa = PBXBuildFile; fileRef = C447B7321AE43E7200F76EFE /* Security.framework */; };
		C447B7371AE43E8A00F76EFE /* SystemConfiguration.framework in Frameworks */ = {isa = PBXBuildFile; fileRef = C447B7361AE43E8A00F76EFE /* SystemConfiguration.framework */; };
		C447B7391AE43EA000F76EFE /* Accounts.framework in Frameworks */ = {isa = PBXBuildFile; fileRef = C447B7381AE43EA000F76EFE /* Accounts.framework */; };
		C447B73B1AE43EAB00F76EFE /* Social.framework in Frameworks */ = {isa = PBXBuildFile; fileRef = C447B73A1AE43EAB00F76EFE /* Social.framework */; };
		C447B73D1AE43EC700F76EFE /* libsqlite3.dylib in Frameworks */ = {isa = PBXBuildFile; fileRef = C447B73C1AE43EC700F76EFE /* libsqlite3.dylib */; };
		C447B7401AE4441C00F76EFE /* BankSelectionViewController.m in Sources */ = {isa = PBXBuildFile; fileRef = C447B73F1AE4441C00F76EFE /* BankSelectionViewController.m */; };
		C447B7411AE4441C00F76EFE /* BankSelectionViewController.m in Sources */ = {isa = PBXBuildFile; fileRef = C447B73F1AE4441C00F76EFE /* BankSelectionViewController.m */; };
		C4501DD11AE93F3F00B41BE9 /* CredentialStore.m in Sources */ = {isa = PBXBuildFile; fileRef = C4501DD01AE93F3F00B41BE9 /* CredentialStore.m */; };
		C4501DD21AE93F3F00B41BE9 /* CredentialStore.m in Sources */ = {isa = PBXBuildFile; fileRef = C4501DD01AE93F3F00B41BE9 /* CredentialStore.m */; };
		C45EBC991AEC871C00CA9A5A /* Meta.m in Sources */ = {isa = PBXBuildFile; fileRef = C45EBC981AEC871C00CA9A5A /* Meta.m */; };
		C45EBC9C1AEC876500CA9A5A /* Balance.m in Sources */ = {isa = PBXBuildFile; fileRef = C45EBC9B1AEC876500CA9A5A /* Balance.m */; };
		C45EBC9F1AEC87D300CA9A5A /* Transactions.m in Sources */ = {isa = PBXBuildFile; fileRef = C45EBC9E1AEC87D300CA9A5A /* Transactions.m */; };
		C45EBCA21AEC880600CA9A5A /* CategoryId.m in Sources */ = {isa = PBXBuildFile; fileRef = C45EBCA11AEC880600CA9A5A /* CategoryId.m */; };
		C45EBCA51AEC882D00CA9A5A /* Location.m in Sources */ = {isa = PBXBuildFile; fileRef = C45EBCA41AEC882D00CA9A5A /* Location.m */; };
		C45EBCA81AEC886100CA9A5A /* Score.m in Sources */ = {isa = PBXBuildFile; fileRef = C45EBCA71AEC886100CA9A5A /* Score.m */; };
		C45EBCAB1AEC888000CA9A5A /* Type.m in Sources */ = {isa = PBXBuildFile; fileRef = C45EBCAA1AEC888000CA9A5A /* Type.m */; };
		C45EBCF81AEED8F100CA9A5A /* JSONModel.m in Sources */ = {isa = PBXBuildFile; fileRef = C45EBCDF1AEED8F100CA9A5A /* JSONModel.m */; };
		C45EBCF91AEED8F100CA9A5A /* JSONModelArray.m in Sources */ = {isa = PBXBuildFile; fileRef = C45EBCE11AEED8F100CA9A5A /* JSONModelArray.m */; };
		C45EBCFA1AEED8F100CA9A5A /* JSONModelClassProperty.m in Sources */ = {isa = PBXBuildFile; fileRef = C45EBCE31AEED8F100CA9A5A /* JSONModelClassProperty.m */; };
		C45EBCFB1AEED8F100CA9A5A /* JSONModelError.m in Sources */ = {isa = PBXBuildFile; fileRef = C45EBCE51AEED8F100CA9A5A /* JSONModelError.m */; };
		C45EBCFC1AEED8F100CA9A5A /* NSArray+JSONModel.m in Sources */ = {isa = PBXBuildFile; fileRef = C45EBCE81AEED8F100CA9A5A /* NSArray+JSONModel.m */; };
		C45EBCFD1AEED8F100CA9A5A /* JSONAPI.m in Sources */ = {isa = PBXBuildFile; fileRef = C45EBCEC1AEED8F100CA9A5A /* JSONAPI.m */; };
		C45EBCFE1AEED8F100CA9A5A /* JSONHTTPClient.m in Sources */ = {isa = PBXBuildFile; fileRef = C45EBCEE1AEED8F100CA9A5A /* JSONHTTPClient.m */; };
		C45EBCFF1AEED8F100CA9A5A /* JSONModel+networking.m in Sources */ = {isa = PBXBuildFile; fileRef = C45EBCF01AEED8F100CA9A5A /* JSONModel+networking.m */; };
		C45EBD001AEED8F100CA9A5A /* JSONKeyMapper.m in Sources */ = {isa = PBXBuildFile; fileRef = C45EBCF31AEED8F100CA9A5A /* JSONKeyMapper.m */; };
		C45EBD011AEED8F100CA9A5A /* JSONValueTransformer.m in Sources */ = {isa = PBXBuildFile; fileRef = C45EBCF51AEED8F100CA9A5A /* JSONValueTransformer.m */; };
		C45EBD021AEED8F100CA9A5A /* LICENSE_jsonmodel.txt in Resources */ = {isa = PBXBuildFile; fileRef = C45EBCF61AEED8F100CA9A5A /* LICENSE_jsonmodel.txt */; };
		C45EBD031AEED8F100CA9A5A /* README.md in Sources */ = {isa = PBXBuildFile; fileRef = C45EBCF71AEED8F100CA9A5A /* README.md */; };
		C45EBD061AEEEC2500CA9A5A /* WellsViewController.m in Sources */ = {isa = PBXBuildFile; fileRef = C45EBD051AEEEC2500CA9A5A /* WellsViewController.m */; };
		C4C76FDA1AE56DFE0022D94D /* LoginViewController.m in Sources */ = {isa = PBXBuildFile; fileRef = C4C76FD81AE56DFE0022D94D /* LoginViewController.m */; };
		C4C76FDC1AE573F20022D94D /* LoginViewController.m in Sources */ = {isa = PBXBuildFile; fileRef = C4C76FD81AE56DFE0022D94D /* LoginViewController.m */; };
		C4C76FDE1AE58F300022D94D /* Main.storyboard in Resources */ = {isa = PBXBuildFile; fileRef = C447B6891AE059E700F76EFE /* Main.storyboard */; };
/* End PBXBuildFile section */

/* Begin PBXContainerItemProxy section */
		C447B6961AE059E700F76EFE /* PBXContainerItemProxy */ = {
			isa = PBXContainerItemProxy;
			containerPortal = C447B6741AE059E600F76EFE /* Project object */;
			proxyType = 1;
			remoteGlobalIDString = C447B67B1AE059E700F76EFE;
			remoteInfo = Plaid2;
		};
/* End PBXContainerItemProxy section */

/* Begin PBXFileReference section */
		C40809C61AE60088003E0F0C /* BofaViewController.h */ = {isa = PBXFileReference; fileEncoding = 4; lastKnownFileType = sourcecode.c.h; path = BofaViewController.h; sourceTree = "<group>"; };
		C40809C71AE60088003E0F0C /* BofaViewController.m */ = {isa = PBXFileReference; fileEncoding = 4; lastKnownFileType = sourcecode.c.objc; path = BofaViewController.m; sourceTree = "<group>"; };
		C40809D71AE6AE21003E0F0C /* KeychainWrapper.h */ = {isa = PBXFileReference; fileEncoding = 4; lastKnownFileType = sourcecode.c.h; path = KeychainWrapper.h; sourceTree = "<group>"; };
		C40809D81AE6AE21003E0F0C /* KeychainWrapper.m */ = {isa = PBXFileReference; fileEncoding = 4; lastKnownFileType = sourcecode.c.objc; path = KeychainWrapper.m; sourceTree = "<group>"; };
		C4336EE91AEA94DD00F4741A /* LocalAuthentication.framework */ = {isa = PBXFileReference; lastKnownFileType = wrapper.framework; name = LocalAuthentication.framework; path = System/Library/Frameworks/LocalAuthentication.framework; sourceTree = SDKROOT; };
		C447B67C1AE059E700F76EFE /* Plaid2.app */ = {isa = PBXFileReference; explicitFileType = wrapper.application; includeInIndex = 0; path = Plaid2.app; sourceTree = BUILT_PRODUCTS_DIR; };
		C447B6801AE059E700F76EFE /* Info.plist */ = {isa = PBXFileReference; lastKnownFileType = text.plist.xml; path = Info.plist; sourceTree = "<group>"; };
		C447B6811AE059E700F76EFE /* main.m */ = {isa = PBXFileReference; lastKnownFileType = sourcecode.c.objc; path = main.m; sourceTree = "<group>"; };
		C447B6831AE059E700F76EFE /* AppDelegate.h */ = {isa = PBXFileReference; lastKnownFileType = sourcecode.c.h; path = AppDelegate.h; sourceTree = "<group>"; };
		C447B6841AE059E700F76EFE /* AppDelegate.m */ = {isa = PBXFileReference; lastKnownFileType = sourcecode.c.objc; path = AppDelegate.m; sourceTree = "<group>"; };
		C447B6861AE059E700F76EFE /* USAAViewController.h */ = {isa = PBXFileReference; lastKnownFileType = sourcecode.c.h; path = USAAViewController.h; sourceTree = "<group>"; };
		C447B6871AE059E700F76EFE /* USAAViewController.m */ = {isa = PBXFileReference; lastKnownFileType = sourcecode.c.objc; path = USAAViewController.m; sourceTree = "<group>"; };
		C447B68A1AE059E700F76EFE /* Base */ = {isa = PBXFileReference; lastKnownFileType = file.storyboard; name = Base; path = Base.lproj/Main.storyboard; sourceTree = "<group>"; };
		C447B68C1AE059E700F76EFE /* Images.xcassets */ = {isa = PBXFileReference; lastKnownFileType = folder.assetcatalog; path = Images.xcassets; sourceTree = "<group>"; };
		C447B68F1AE059E700F76EFE /* Base */ = {isa = PBXFileReference; lastKnownFileType = file.xib; name = Base; path = Base.lproj/LaunchScreen.xib; sourceTree = "<group>"; };
		C447B6951AE059E700F76EFE /* Plaid2Tests.xctest */ = {isa = PBXFileReference; explicitFileType = wrapper.cfbundle; includeInIndex = 0; path = Plaid2Tests.xctest; sourceTree = BUILT_PRODUCTS_DIR; };
		C447B69A1AE059E700F76EFE /* Info.plist */ = {isa = PBXFileReference; lastKnownFileType = text.plist.xml; path = Info.plist; sourceTree = "<group>"; };
		C447B69B1AE059E700F76EFE /* Plaid2Tests.m */ = {isa = PBXFileReference; lastKnownFileType = sourcecode.c.objc; path = Plaid2Tests.m; sourceTree = "<group>"; };
		C447B6A71AE05A2E00F76EFE /* AFHTTPRequestOperation.h */ = {isa = PBXFileReference; fileEncoding = 4; lastKnownFileType = sourcecode.c.h; path = AFHTTPRequestOperation.h; sourceTree = "<group>"; };
		C447B6A81AE05A2E00F76EFE /* AFHTTPRequestOperation.m */ = {isa = PBXFileReference; fileEncoding = 4; lastKnownFileType = sourcecode.c.objc; path = AFHTTPRequestOperation.m; sourceTree = "<group>"; };
		C447B6A91AE05A2E00F76EFE /* AFHTTPRequestOperationManager.h */ = {isa = PBXFileReference; fileEncoding = 4; lastKnownFileType = sourcecode.c.h; path = AFHTTPRequestOperationManager.h; sourceTree = "<group>"; };
		C447B6AA1AE05A2E00F76EFE /* AFHTTPRequestOperationManager.m */ = {isa = PBXFileReference; fileEncoding = 4; lastKnownFileType = sourcecode.c.objc; path = AFHTTPRequestOperationManager.m; sourceTree = "<group>"; };
		C447B6AB1AE05A2E00F76EFE /* AFHTTPSessionManager.h */ = {isa = PBXFileReference; fileEncoding = 4; lastKnownFileType = sourcecode.c.h; path = AFHTTPSessionManager.h; sourceTree = "<group>"; };
		C447B6AC1AE05A2E00F76EFE /* AFHTTPSessionManager.m */ = {isa = PBXFileReference; fileEncoding = 4; lastKnownFileType = sourcecode.c.objc; path = AFHTTPSessionManager.m; sourceTree = "<group>"; };
		C447B6AD1AE05A2E00F76EFE /* AFNetworking.h */ = {isa = PBXFileReference; fileEncoding = 4; lastKnownFileType = sourcecode.c.h; path = AFNetworking.h; sourceTree = "<group>"; };
		C447B6AE1AE05A2E00F76EFE /* AFNetworkReachabilityManager.h */ = {isa = PBXFileReference; fileEncoding = 4; lastKnownFileType = sourcecode.c.h; path = AFNetworkReachabilityManager.h; sourceTree = "<group>"; };
		C447B6AF1AE05A2E00F76EFE /* AFNetworkReachabilityManager.m */ = {isa = PBXFileReference; fileEncoding = 4; lastKnownFileType = sourcecode.c.objc; path = AFNetworkReachabilityManager.m; sourceTree = "<group>"; };
		C447B6B01AE05A2E00F76EFE /* AFSecurityPolicy.h */ = {isa = PBXFileReference; fileEncoding = 4; lastKnownFileType = sourcecode.c.h; path = AFSecurityPolicy.h; sourceTree = "<group>"; };
		C447B6B11AE05A2E00F76EFE /* AFSecurityPolicy.m */ = {isa = PBXFileReference; fileEncoding = 4; lastKnownFileType = sourcecode.c.objc; path = AFSecurityPolicy.m; sourceTree = "<group>"; };
		C447B6B21AE05A2E00F76EFE /* AFURLConnectionOperation.h */ = {isa = PBXFileReference; fileEncoding = 4; lastKnownFileType = sourcecode.c.h; path = AFURLConnectionOperation.h; sourceTree = "<group>"; };
		C447B6B31AE05A2E00F76EFE /* AFURLConnectionOperation.m */ = {isa = PBXFileReference; fileEncoding = 4; lastKnownFileType = sourcecode.c.objc; path = AFURLConnectionOperation.m; sourceTree = "<group>"; };
		C447B6B41AE05A2E00F76EFE /* AFURLRequestSerialization.h */ = {isa = PBXFileReference; fileEncoding = 4; lastKnownFileType = sourcecode.c.h; path = AFURLRequestSerialization.h; sourceTree = "<group>"; };
		C447B6B51AE05A2E00F76EFE /* AFURLRequestSerialization.m */ = {isa = PBXFileReference; fileEncoding = 4; lastKnownFileType = sourcecode.c.objc; path = AFURLRequestSerialization.m; sourceTree = "<group>"; };
		C447B6B61AE05A2E00F76EFE /* AFURLResponseSerialization.h */ = {isa = PBXFileReference; fileEncoding = 4; lastKnownFileType = sourcecode.c.h; path = AFURLResponseSerialization.h; sourceTree = "<group>"; };
		C447B6B71AE05A2E00F76EFE /* AFURLResponseSerialization.m */ = {isa = PBXFileReference; fileEncoding = 4; lastKnownFileType = sourcecode.c.objc; path = AFURLResponseSerialization.m; sourceTree = "<group>"; };
		C447B6B81AE05A2E00F76EFE /* AFURLSessionManager.h */ = {isa = PBXFileReference; fileEncoding = 4; lastKnownFileType = sourcecode.c.h; path = AFURLSessionManager.h; sourceTree = "<group>"; };
		C447B6B91AE05A2E00F76EFE /* AFURLSessionManager.m */ = {isa = PBXFileReference; fileEncoding = 4; lastKnownFileType = sourcecode.c.objc; path = AFURLSessionManager.m; sourceTree = "<group>"; };
		C447B6E31AE05A6300F76EFE /* PlaidHTTPClient.h */ = {isa = PBXFileReference; fileEncoding = 4; lastKnownFileType = sourcecode.c.h; path = PlaidHTTPClient.h; sourceTree = "<group>"; };
		C447B6E41AE05A6300F76EFE /* PlaidHTTPClient.m */ = {isa = PBXFileReference; fileEncoding = 4; lastKnownFileType = sourcecode.c.objc; path = PlaidHTTPClient.m; sourceTree = "<group>"; };
		C447B6EC1AE06DB700F76EFE /* MFAViewController.h */ = {isa = PBXFileReference; fileEncoding = 4; lastKnownFileType = sourcecode.c.h; path = MFAViewController.h; sourceTree = "<group>"; };
		C447B6ED1AE06DB700F76EFE /* MFAViewController.m */ = {isa = PBXFileReference; fileEncoding = 4; lastKnownFileType = sourcecode.c.objc; path = MFAViewController.m; sourceTree = "<group>"; };
		C447B6F41AE15A0400F76EFE /* Accounts.h */ = {isa = PBXFileReference; fileEncoding = 4; lastKnownFileType = sourcecode.c.h; name = Accounts.h; path = "untitled folder/Accounts.h"; sourceTree = "<group>"; };
		C447B6F51AE15A0400F76EFE /* Accounts.m */ = {isa = PBXFileReference; fileEncoding = 4; lastKnownFileType = sourcecode.c.objc; name = Accounts.m; path = "untitled folder/Accounts.m"; sourceTree = "<group>"; };
		C447B6FD1AE17BBF00F76EFE /* TransactionViewController.h */ = {isa = PBXFileReference; fileEncoding = 4; lastKnownFileType = sourcecode.c.h; path = TransactionViewController.h; sourceTree = "<group>"; };
		C447B6FE1AE17BBF00F76EFE /* TransactionViewController.m */ = {isa = PBXFileReference; fileEncoding = 4; lastKnownFileType = sourcecode.c.objc; path = TransactionViewController.m; sourceTree = "<group>"; };
		C447B7011AE17C6D00F76EFE /* AccountViewController.h */ = {isa = PBXFileReference; fileEncoding = 4; lastKnownFileType = sourcecode.c.h; path = AccountViewController.h; sourceTree = "<group>"; };
		C447B7021AE17C6D00F76EFE /* AccountViewController.m */ = {isa = PBXFileReference; fileEncoding = 4; lastKnownFileType = sourcecode.c.objc; path = AccountViewController.m; sourceTree = "<group>"; };
		C447B7051AE42E3400F76EFE /* SignUpViewController.h */ = {isa = PBXFileReference; fileEncoding = 4; lastKnownFileType = sourcecode.c.h; path = SignUpViewController.h; sourceTree = "<group>"; };
		C447B7061AE42E3400F76EFE /* SignUpViewController.m */ = {isa = PBXFileReference; fileEncoding = 4; lastKnownFileType = sourcecode.c.objc; path = SignUpViewController.m; sourceTree = "<group>"; };
		C447B7091AE42F6000F76EFE /* Bolts.framework */ = {isa = PBXFileReference; lastKnownFileType = wrapper.framework; name = Bolts.framework; path = "parse-library-1-3/Bolts.framework"; sourceTree = "<group>"; };
		C447B70A1AE42F6000F76EFE /* ParseCrashReporting.framework */ = {isa = PBXFileReference; lastKnownFileType = wrapper.framework; name = ParseCrashReporting.framework; path = "parse-library-1-3/ParseCrashReporting.framework"; sourceTree = "<group>"; };
		C447B70B1AE42F6000F76EFE /* ParseUI.framework */ = {isa = PBXFileReference; lastKnownFileType = wrapper.framework; name = ParseUI.framework; path = "parse-library-1-3/ParseUI.framework"; sourceTree = "<group>"; };
		C447B70F1AE42F7000F76EFE /* Parse.framework */ = {isa = PBXFileReference; lastKnownFileType = wrapper.framework; name = Parse.framework; path = "parse-library-1-3/Parse.framework"; sourceTree = "<group>"; };
		C447B7121AE43AF300F76EFE /* Bolts.framework */ = {isa = PBXFileReference; lastKnownFileType = wrapper.framework; path = Bolts.framework; sourceTree = "<group>"; };
		C447B7131AE43AF300F76EFE /* Parse.framework */ = {isa = PBXFileReference; lastKnownFileType = wrapper.framework; path = Parse.framework; sourceTree = "<group>"; };
		C447B7141AE43AF300F76EFE /* ParseCrashReporting.framework */ = {isa = PBXFileReference; lastKnownFileType = wrapper.framework; path = ParseCrashReporting.framework; sourceTree = "<group>"; };
		C447B7151AE43AF300F76EFE /* ParseFacebookUtils.framework */ = {isa = PBXFileReference; lastKnownFileType = wrapper.framework; path = ParseFacebookUtils.framework; sourceTree = "<group>"; };
		C447B7161AE43AF300F76EFE /* ParseFacebookUtilsV4.framework */ = {isa = PBXFileReference; lastKnownFileType = wrapper.framework; path = ParseFacebookUtilsV4.framework; sourceTree = "<group>"; };
		C447B7171AE43AF400F76EFE /* ParseUI.framework */ = {isa = PBXFileReference; lastKnownFileType = wrapper.framework; path = ParseUI.framework; sourceTree = "<group>"; };
		C447B7241AE43E3500F76EFE /* AudioToolbox.framework */ = {isa = PBXFileReference; lastKnownFileType = wrapper.framework; name = AudioToolbox.framework; path = System/Library/Frameworks/AudioToolbox.framework; sourceTree = SDKROOT; };
		C447B7261AE43E3D00F76EFE /* CFNetwork.framework */ = {isa = PBXFileReference; lastKnownFileType = wrapper.framework; name = CFNetwork.framework; path = System/Library/Frameworks/CFNetwork.framework; sourceTree = SDKROOT; };
		C447B7281AE43E4600F76EFE /* CoreGraphics.framework */ = {isa = PBXFileReference; lastKnownFileType = wrapper.framework; name = CoreGraphics.framework; path = System/Library/Frameworks/CoreGraphics.framework; sourceTree = SDKROOT; };
		C447B72A1AE43E5000F76EFE /* CoreLocation.framework */ = {isa = PBXFileReference; lastKnownFileType = wrapper.framework; name = CoreLocation.framework; path = System/Library/Frameworks/CoreLocation.framework; sourceTree = SDKROOT; };
		C447B72C1AE43E5B00F76EFE /* libz.1.1.3.dylib */ = {isa = PBXFileReference; lastKnownFileType = "compiled.mach-o.dylib"; name = libz.1.1.3.dylib; path = usr/lib/libz.1.1.3.dylib; sourceTree = SDKROOT; };
		C447B72E1AE43E6300F76EFE /* MobileCoreServices.framework */ = {isa = PBXFileReference; lastKnownFileType = wrapper.framework; name = MobileCoreServices.framework; path = System/Library/Frameworks/MobileCoreServices.framework; sourceTree = SDKROOT; };
		C447B7301AE43E6B00F76EFE /* QuartzCore.framework */ = {isa = PBXFileReference; lastKnownFileType = wrapper.framework; name = QuartzCore.framework; path = System/Library/Frameworks/QuartzCore.framework; sourceTree = SDKROOT; };
		C447B7321AE43E7200F76EFE /* Security.framework */ = {isa = PBXFileReference; lastKnownFileType = wrapper.framework; name = Security.framework; path = System/Library/Frameworks/Security.framework; sourceTree = SDKROOT; };
		C447B7361AE43E8A00F76EFE /* SystemConfiguration.framework */ = {isa = PBXFileReference; lastKnownFileType = wrapper.framework; name = SystemConfiguration.framework; path = System/Library/Frameworks/SystemConfiguration.framework; sourceTree = SDKROOT; };
		C447B7381AE43EA000F76EFE /* Accounts.framework */ = {isa = PBXFileReference; lastKnownFileType = wrapper.framework; name = Accounts.framework; path = System/Library/Frameworks/Accounts.framework; sourceTree = SDKROOT; };
		C447B73A1AE43EAB00F76EFE /* Social.framework */ = {isa = PBXFileReference; lastKnownFileType = wrapper.framework; name = Social.framework; path = System/Library/Frameworks/Social.framework; sourceTree = SDKROOT; };
		C447B73C1AE43EC700F76EFE /* libsqlite3.dylib */ = {isa = PBXFileReference; lastKnownFileType = "compiled.mach-o.dylib"; name = libsqlite3.dylib; path = usr/lib/libsqlite3.dylib; sourceTree = SDKROOT; };
		C447B73E1AE4441C00F76EFE /* BankSelectionViewController.h */ = {isa = PBXFileReference; fileEncoding = 4; lastKnownFileType = sourcecode.c.h; path = BankSelectionViewController.h; sourceTree = "<group>"; };
		C447B73F1AE4441C00F76EFE /* BankSelectionViewController.m */ = {isa = PBXFileReference; fileEncoding = 4; lastKnownFileType = sourcecode.c.objc; path = BankSelectionViewController.m; sourceTree = "<group>"; };
		C4501DCF1AE93F3F00B41BE9 /* CredentialStore.h */ = {isa = PBXFileReference; fileEncoding = 4; lastKnownFileType = sourcecode.c.h; name = CredentialStore.h; path = ../CredentialStore.h; sourceTree = "<group>"; };
		C4501DD01AE93F3F00B41BE9 /* CredentialStore.m */ = {isa = PBXFileReference; fileEncoding = 4; lastKnownFileType = sourcecode.c.objc; name = CredentialStore.m; path = ../CredentialStore.m; sourceTree = "<group>"; };
		C45EBC971AEC871C00CA9A5A /* Meta.h */ = {isa = PBXFileReference; fileEncoding = 4; lastKnownFileType = sourcecode.c.h; path = Meta.h; sourceTree = "<group>"; };
		C45EBC981AEC871C00CA9A5A /* Meta.m */ = {isa = PBXFileReference; fileEncoding = 4; lastKnownFileType = sourcecode.c.objc; path = Meta.m; sourceTree = "<group>"; };
		C45EBC9A1AEC876500CA9A5A /* Balance.h */ = {isa = PBXFileReference; fileEncoding = 4; lastKnownFileType = sourcecode.c.h; path = Balance.h; sourceTree = "<group>"; };
		C45EBC9B1AEC876500CA9A5A /* Balance.m */ = {isa = PBXFileReference; fileEncoding = 4; lastKnownFileType = sourcecode.c.objc; path = Balance.m; sourceTree = "<group>"; };
		C45EBC9D1AEC87D300CA9A5A /* Transactions.h */ = {isa = PBXFileReference; fileEncoding = 4; lastKnownFileType = sourcecode.c.h; path = Transactions.h; sourceTree = "<group>"; };
		C45EBC9E1AEC87D300CA9A5A /* Transactions.m */ = {isa = PBXFileReference; fileEncoding = 4; lastKnownFileType = sourcecode.c.objc; path = Transactions.m; sourceTree = "<group>"; };
		C45EBCA01AEC880600CA9A5A /* CategoryId.h */ = {isa = PBXFileReference; fileEncoding = 4; lastKnownFileType = sourcecode.c.h; path = CategoryId.h; sourceTree = "<group>"; };
		C45EBCA11AEC880600CA9A5A /* CategoryId.m */ = {isa = PBXFileReference; fileEncoding = 4; lastKnownFileType = sourcecode.c.objc; path = CategoryId.m; sourceTree = "<group>"; };
		C45EBCA31AEC882D00CA9A5A /* Location.h */ = {isa = PBXFileReference; fileEncoding = 4; lastKnownFileType = sourcecode.c.h; path = Location.h; sourceTree = "<group>"; };
		C45EBCA41AEC882D00CA9A5A /* Location.m */ = {isa = PBXFileReference; fileEncoding = 4; lastKnownFileType = sourcecode.c.objc; path = Location.m; sourceTree = "<group>"; };
		C45EBCA61AEC886100CA9A5A /* Score.h */ = {isa = PBXFileReference; fileEncoding = 4; lastKnownFileType = sourcecode.c.h; path = Score.h; sourceTree = "<group>"; };
		C45EBCA71AEC886100CA9A5A /* Score.m */ = {isa = PBXFileReference; fileEncoding = 4; lastKnownFileType = sourcecode.c.objc; path = Score.m; sourceTree = "<group>"; };
		C45EBCA91AEC888000CA9A5A /* Type.h */ = {isa = PBXFileReference; fileEncoding = 4; lastKnownFileType = sourcecode.c.h; path = Type.h; sourceTree = "<group>"; };
		C45EBCAA1AEC888000CA9A5A /* Type.m */ = {isa = PBXFileReference; fileEncoding = 4; lastKnownFileType = sourcecode.c.objc; path = Type.m; sourceTree = "<group>"; };
		C45EBCDE1AEED8F100CA9A5A /* JSONModel.h */ = {isa = PBXFileReference; fileEncoding = 4; lastKnownFileType = sourcecode.c.h; path = JSONModel.h; sourceTree = "<group>"; };
		C45EBCDF1AEED8F100CA9A5A /* JSONModel.m */ = {isa = PBXFileReference; fileEncoding = 4; lastKnownFileType = sourcecode.c.objc; path = JSONModel.m; sourceTree = "<group>"; };
		C45EBCE01AEED8F100CA9A5A /* JSONModelArray.h */ = {isa = PBXFileReference; fileEncoding = 4; lastKnownFileType = sourcecode.c.h; path = JSONModelArray.h; sourceTree = "<group>"; };
		C45EBCE11AEED8F100CA9A5A /* JSONModelArray.m */ = {isa = PBXFileReference; fileEncoding = 4; lastKnownFileType = sourcecode.c.objc; path = JSONModelArray.m; sourceTree = "<group>"; };
		C45EBCE21AEED8F100CA9A5A /* JSONModelClassProperty.h */ = {isa = PBXFileReference; fileEncoding = 4; lastKnownFileType = sourcecode.c.h; path = JSONModelClassProperty.h; sourceTree = "<group>"; };
		C45EBCE31AEED8F100CA9A5A /* JSONModelClassProperty.m */ = {isa = PBXFileReference; fileEncoding = 4; lastKnownFileType = sourcecode.c.objc; path = JSONModelClassProperty.m; sourceTree = "<group>"; };
		C45EBCE41AEED8F100CA9A5A /* JSONModelError.h */ = {isa = PBXFileReference; fileEncoding = 4; lastKnownFileType = sourcecode.c.h; path = JSONModelError.h; sourceTree = "<group>"; };
		C45EBCE51AEED8F100CA9A5A /* JSONModelError.m */ = {isa = PBXFileReference; fileEncoding = 4; lastKnownFileType = sourcecode.c.objc; path = JSONModelError.m; sourceTree = "<group>"; };
		C45EBCE71AEED8F100CA9A5A /* NSArray+JSONModel.h */ = {isa = PBXFileReference; fileEncoding = 4; lastKnownFileType = sourcecode.c.h; path = "NSArray+JSONModel.h"; sourceTree = "<group>"; };
		C45EBCE81AEED8F100CA9A5A /* NSArray+JSONModel.m */ = {isa = PBXFileReference; fileEncoding = 4; lastKnownFileType = sourcecode.c.objc; path = "NSArray+JSONModel.m"; sourceTree = "<group>"; };
		C45EBCE91AEED8F100CA9A5A /* JSONModelLib.h */ = {isa = PBXFileReference; fileEncoding = 4; lastKnownFileType = sourcecode.c.h; path = JSONModelLib.h; sourceTree = "<group>"; };
		C45EBCEB1AEED8F100CA9A5A /* JSONAPI.h */ = {isa = PBXFileReference; fileEncoding = 4; lastKnownFileType = sourcecode.c.h; path = JSONAPI.h; sourceTree = "<group>"; };
		C45EBCEC1AEED8F100CA9A5A /* JSONAPI.m */ = {isa = PBXFileReference; fileEncoding = 4; lastKnownFileType = sourcecode.c.objc; path = JSONAPI.m; sourceTree = "<group>"; };
		C45EBCED1AEED8F100CA9A5A /* JSONHTTPClient.h */ = {isa = PBXFileReference; fileEncoding = 4; lastKnownFileType = sourcecode.c.h; path = JSONHTTPClient.h; sourceTree = "<group>"; };
		C45EBCEE1AEED8F100CA9A5A /* JSONHTTPClient.m */ = {isa = PBXFileReference; fileEncoding = 4; lastKnownFileType = sourcecode.c.objc; path = JSONHTTPClient.m; sourceTree = "<group>"; };
		C45EBCEF1AEED8F100CA9A5A /* JSONModel+networking.h */ = {isa = PBXFileReference; fileEncoding = 4; lastKnownFileType = sourcecode.c.h; path = "JSONModel+networking.h"; sourceTree = "<group>"; };
		C45EBCF01AEED8F100CA9A5A /* JSONModel+networking.m */ = {isa = PBXFileReference; fileEncoding = 4; lastKnownFileType = sourcecode.c.objc; path = "JSONModel+networking.m"; sourceTree = "<group>"; };
		C45EBCF21AEED8F100CA9A5A /* JSONKeyMapper.h */ = {isa = PBXFileReference; fileEncoding = 4; lastKnownFileType = sourcecode.c.h; path = JSONKeyMapper.h; sourceTree = "<group>"; };
		C45EBCF31AEED8F100CA9A5A /* JSONKeyMapper.m */ = {isa = PBXFileReference; fileEncoding = 4; lastKnownFileType = sourcecode.c.objc; path = JSONKeyMapper.m; sourceTree = "<group>"; };
		C45EBCF41AEED8F100CA9A5A /* JSONValueTransformer.h */ = {isa = PBXFileReference; fileEncoding = 4; lastKnownFileType = sourcecode.c.h; path = JSONValueTransformer.h; sourceTree = "<group>"; };
		C45EBCF51AEED8F100CA9A5A /* JSONValueTransformer.m */ = {isa = PBXFileReference; fileEncoding = 4; lastKnownFileType = sourcecode.c.objc; path = JSONValueTransformer.m; sourceTree = "<group>"; };
		C45EBCF61AEED8F100CA9A5A /* LICENSE_jsonmodel.txt */ = {isa = PBXFileReference; fileEncoding = 4; lastKnownFileType = text; path = LICENSE_jsonmodel.txt; sourceTree = "<group>"; };
		C45EBCF71AEED8F100CA9A5A /* README.md */ = {isa = PBXFileReference; fileEncoding = 4; lastKnownFileType = net.daringfireball.markdown; path = README.md; sourceTree = "<group>"; };
		C45EBD041AEEEC2500CA9A5A /* WellsViewController.h */ = {isa = PBXFileReference; fileEncoding = 4; lastKnownFileType = sourcecode.c.h; path = WellsViewController.h; sourceTree = "<group>"; };
		C45EBD051AEEEC2500CA9A5A /* WellsViewController.m */ = {isa = PBXFileReference; fileEncoding = 4; lastKnownFileType = sourcecode.c.objc; path = WellsViewController.m; sourceTree = "<group>"; };
		C4C76FD81AE56DFE0022D94D /* LoginViewController.m */ = {isa = PBXFileReference; fileEncoding = 4; lastKnownFileType = sourcecode.c.objc; path = LoginViewController.m; sourceTree = "<group>"; };
		C4C76FDD1AE5742F0022D94D /* LoginViewController.h */ = {isa = PBXFileReference; fileEncoding = 4; lastKnownFileType = sourcecode.c.h; path = LoginViewController.h; sourceTree = "<group>"; };
/* End PBXFileReference section */

/* Begin PBXFrameworksBuildPhase section */
		C447B6791AE059E700F76EFE /* Frameworks */ = {
			isa = PBXFrameworksBuildPhase;
			buildActionMask = 2147483647;
			files = (
				C4336EEA1AEA94DD00F4741A /* LocalAuthentication.framework in Frameworks */,
				C447B73D1AE43EC700F76EFE /* libsqlite3.dylib in Frameworks */,
				C447B73B1AE43EAB00F76EFE /* Social.framework in Frameworks */,
				C447B7391AE43EA000F76EFE /* Accounts.framework in Frameworks */,
				C447B7371AE43E8A00F76EFE /* SystemConfiguration.framework in Frameworks */,
				C447B7331AE43E7200F76EFE /* Security.framework in Frameworks */,
				C447B7311AE43E6B00F76EFE /* QuartzCore.framework in Frameworks */,
				C447B72F1AE43E6300F76EFE /* MobileCoreServices.framework in Frameworks */,
				C447B72D1AE43E5B00F76EFE /* libz.1.1.3.dylib in Frameworks */,
				C447B72B1AE43E5000F76EFE /* CoreLocation.framework in Frameworks */,
				C447B7291AE43E4600F76EFE /* CoreGraphics.framework in Frameworks */,
				C447B7271AE43E3D00F76EFE /* CFNetwork.framework in Frameworks */,
				C447B7251AE43E3500F76EFE /* AudioToolbox.framework in Frameworks */,
				C447B7181AE43AF400F76EFE /* Bolts.framework in Frameworks */,
				C447B7101AE42F7000F76EFE /* Parse.framework in Frameworks */,
				C447B7221AE43AF400F76EFE /* ParseUI.framework in Frameworks */,
				C447B70C1AE42F6000F76EFE /* Bolts.framework in Frameworks */,
				C447B70D1AE42F6000F76EFE /* ParseCrashReporting.framework in Frameworks */,
				C447B71A1AE43AF400F76EFE /* Parse.framework in Frameworks */,
				C447B7201AE43AF400F76EFE /* ParseFacebookUtilsV4.framework in Frameworks */,
				C447B71C1AE43AF400F76EFE /* ParseCrashReporting.framework in Frameworks */,
				C447B71E1AE43AF400F76EFE /* ParseFacebookUtils.framework in Frameworks */,
				C447B70E1AE42F6000F76EFE /* ParseUI.framework in Frameworks */,
			);
			runOnlyForDeploymentPostprocessing = 0;
		};
		C447B6921AE059E700F76EFE /* Frameworks */ = {
			isa = PBXFrameworksBuildPhase;
			buildActionMask = 2147483647;
			files = (
				C447B7231AE43AF400F76EFE /* ParseUI.framework in Frameworks */,
				C447B71B1AE43AF400F76EFE /* Parse.framework in Frameworks */,
				C447B71D1AE43AF400F76EFE /* ParseCrashReporting.framework in Frameworks */,
				C447B71F1AE43AF400F76EFE /* ParseFacebookUtils.framework in Frameworks */,
				C447B7191AE43AF400F76EFE /* Bolts.framework in Frameworks */,
				C447B7211AE43AF400F76EFE /* ParseFacebookUtilsV4.framework in Frameworks */,
			);
			runOnlyForDeploymentPostprocessing = 0;
		};
/* End PBXFrameworksBuildPhase section */

/* Begin PBXGroup section */
		C40809CE1AE69C50003E0F0C /* Security */ = {
			isa = PBXGroup;
			children = (
				C40809D71AE6AE21003E0F0C /* KeychainWrapper.h */,
				C40809D81AE6AE21003E0F0C /* KeychainWrapper.m */,
				C4501DCF1AE93F3F00B41BE9 /* CredentialStore.h */,
				C4501DD01AE93F3F00B41BE9 /* CredentialStore.m */,
			);
			name = Security;
			path = security;
			sourceTree = "<group>";
		};
		C447B6731AE059E600F76EFE = {
			isa = PBXGroup;
			children = (
				C4336EE91AEA94DD00F4741A /* LocalAuthentication.framework */,
				C447B73C1AE43EC700F76EFE /* libsqlite3.dylib */,
				C447B73A1AE43EAB00F76EFE /* Social.framework */,
				C447B7381AE43EA000F76EFE /* Accounts.framework */,
				C447B7361AE43E8A00F76EFE /* SystemConfiguration.framework */,
				C447B7321AE43E7200F76EFE /* Security.framework */,
				C447B7301AE43E6B00F76EFE /* QuartzCore.framework */,
				C447B72E1AE43E6300F76EFE /* MobileCoreServices.framework */,
				C447B72C1AE43E5B00F76EFE /* libz.1.1.3.dylib */,
				C447B72A1AE43E5000F76EFE /* CoreLocation.framework */,
				C447B7281AE43E4600F76EFE /* CoreGraphics.framework */,
				C447B7261AE43E3D00F76EFE /* CFNetwork.framework */,
				C447B7241AE43E3500F76EFE /* AudioToolbox.framework */,
				C447B70F1AE42F7000F76EFE /* Parse.framework */,
				C447B7091AE42F6000F76EFE /* Bolts.framework */,
				C447B70A1AE42F6000F76EFE /* ParseCrashReporting.framework */,
				C447B70B1AE42F6000F76EFE /* ParseUI.framework */,
				C447B67E1AE059E700F76EFE /* Plaid2 */,
				C447B6981AE059E700F76EFE /* Plaid2Tests */,
				C447B67D1AE059E700F76EFE /* Products */,
			);
			sourceTree = "<group>";
		};
		C447B67D1AE059E700F76EFE /* Products */ = {
			isa = PBXGroup;
			children = (
				C447B67C1AE059E700F76EFE /* Plaid2.app */,
				C447B6951AE059E700F76EFE /* Plaid2Tests.xctest */,
			);
			name = Products;
			sourceTree = "<group>";
		};
		C447B67E1AE059E700F76EFE /* Plaid2 */ = {
			isa = PBXGroup;
			children = (
				C45EBCDD1AEED8F100CA9A5A /* JSONModel */,
				C45EBCDB1AEED8F100CA9A5A /* JSONModel */,
				C40809CE1AE69C50003E0F0C /* Security */,
				C447B6F81AE15A3200F76EFE /* Data Models */,
				C4C76FDB1AE56E480022D94D /* View */,
				C4C76FD61AE56DBD0022D94D /* Controllers */,
				C447B6E11AE05A6300F76EFE /* PlaidHTTPClient */,
				C4501DD31AE97F4F00B41BE9 /* Frameworks */,
				C447B68C1AE059E700F76EFE /* Images.xcassets */,
				C447B67F1AE059E700F76EFE /* Supporting Files */,
			);
			path = Plaid2;
			sourceTree = "<group>";
		};
		C447B67F1AE059E700F76EFE /* Supporting Files */ = {
			isa = PBXGroup;
			children = (
				C447B6831AE059E700F76EFE /* AppDelegate.h */,
				C447B6841AE059E700F76EFE /* AppDelegate.m */,
				C447B6801AE059E700F76EFE /* Info.plist */,
				C447B6811AE059E700F76EFE /* main.m */,
			);
			name = "Supporting Files";
			sourceTree = "<group>";
		};
		C447B6981AE059E700F76EFE /* Plaid2Tests */ = {
			isa = PBXGroup;
			children = (
				C447B69B1AE059E700F76EFE /* Plaid2Tests.m */,
				C447B6991AE059E700F76EFE /* Supporting Files */,
			);
			path = Plaid2Tests;
			sourceTree = "<group>";
		};
		C447B6991AE059E700F76EFE /* Supporting Files */ = {
			isa = PBXGroup;
			children = (
				C447B69A1AE059E700F76EFE /* Info.plist */,
			);
			name = "Supporting Files";
			sourceTree = "<group>";
		};
		C447B6A61AE05A2E00F76EFE /* AFNetworking */ = {
			isa = PBXGroup;
			children = (
				C447B6A71AE05A2E00F76EFE /* AFHTTPRequestOperation.h */,
				C447B6A81AE05A2E00F76EFE /* AFHTTPRequestOperation.m */,
				C447B6A91AE05A2E00F76EFE /* AFHTTPRequestOperationManager.h */,
				C447B6AA1AE05A2E00F76EFE /* AFHTTPRequestOperationManager.m */,
				C447B6AB1AE05A2E00F76EFE /* AFHTTPSessionManager.h */,
				C447B6AC1AE05A2E00F76EFE /* AFHTTPSessionManager.m */,
				C447B6AD1AE05A2E00F76EFE /* AFNetworking.h */,
				C447B6AE1AE05A2E00F76EFE /* AFNetworkReachabilityManager.h */,
				C447B6AF1AE05A2E00F76EFE /* AFNetworkReachabilityManager.m */,
				C447B6B01AE05A2E00F76EFE /* AFSecurityPolicy.h */,
				C447B6B11AE05A2E00F76EFE /* AFSecurityPolicy.m */,
				C447B6B21AE05A2E00F76EFE /* AFURLConnectionOperation.h */,
				C447B6B31AE05A2E00F76EFE /* AFURLConnectionOperation.m */,
				C447B6B41AE05A2E00F76EFE /* AFURLRequestSerialization.h */,
				C447B6B51AE05A2E00F76EFE /* AFURLRequestSerialization.m */,
				C447B6B61AE05A2E00F76EFE /* AFURLResponseSerialization.h */,
				C447B6B71AE05A2E00F76EFE /* AFURLResponseSerialization.m */,
				C447B6B81AE05A2E00F76EFE /* AFURLSessionManager.h */,
				C447B6B91AE05A2E00F76EFE /* AFURLSessionManager.m */,
			);
			name = AFNetworking;
			path = ../AFNetworking/AFNetworking;
			sourceTree = "<group>";
		};
		C447B6E11AE05A6300F76EFE /* PlaidHTTPClient */ = {
			isa = PBXGroup;
			children = (
				C447B6E31AE05A6300F76EFE /* PlaidHTTPClient.h */,
				C447B6E41AE05A6300F76EFE /* PlaidHTTPClient.m */,
			);
			name = PlaidHTTPClient;
			path = ../AFNetworking/AFNetworking/PlaidHTTPClient;
			sourceTree = "<group>";
		};
		C447B6F81AE15A3200F76EFE /* Data Models */ = {
			isa = PBXGroup;
			children = (
				C447B6F41AE15A0400F76EFE /* Accounts.h */,
				C447B6F51AE15A0400F76EFE /* Accounts.m */,
				C45EBC9D1AEC87D300CA9A5A /* Transactions.h */,
				C45EBC9E1AEC87D300CA9A5A /* Transactions.m */,
				C45EBCA01AEC880600CA9A5A /* CategoryId.h */,
				C45EBCA11AEC880600CA9A5A /* CategoryId.m */,
				C45EBCA31AEC882D00CA9A5A /* Location.h */,
				C45EBCA41AEC882D00CA9A5A /* Location.m */,
				C45EBCA61AEC886100CA9A5A /* Score.h */,
				C45EBCA71AEC886100CA9A5A /* Score.m */,
				C45EBCA91AEC888000CA9A5A /* Type.h */,
				C45EBCAA1AEC888000CA9A5A /* Type.m */,
				C45EBC971AEC871C00CA9A5A /* Meta.h */,
				C45EBC981AEC871C00CA9A5A /* Meta.m */,
				C45EBC9A1AEC876500CA9A5A /* Balance.h */,
				C45EBC9B1AEC876500CA9A5A /* Balance.m */,
			);
			name = "Data Models";
			sourceTree = "<group>";
		};
		C447B7111AE43AF300F76EFE /* parse-library-1-3 */ = {
			isa = PBXGroup;
			children = (
				C447B7121AE43AF300F76EFE /* Bolts.framework */,
				C447B7131AE43AF300F76EFE /* Parse.framework */,
				C447B7141AE43AF300F76EFE /* ParseCrashReporting.framework */,
				C447B7151AE43AF300F76EFE /* ParseFacebookUtils.framework */,
				C447B7161AE43AF300F76EFE /* ParseFacebookUtilsV4.framework */,
				C447B7171AE43AF400F76EFE /* ParseUI.framework */,
			);
			path = "parse-library-1-3";
			sourceTree = "<group>";
		};
		C4501DD31AE97F4F00B41BE9 /* Frameworks */ = {
			isa = PBXGroup;
			children = (
				C447B6A61AE05A2E00F76EFE /* AFNetworking */,
				C447B7111AE43AF300F76EFE /* parse-library-1-3 */,
			);
			name = Frameworks;
			sourceTree = "<group>";
		};
		C45EBCDB1AEED8F100CA9A5A /* JSONModel */ = {
			isa = PBXGroup;
			children = (
				C45EBCDC1AEED8F100CA9A5A /* JSONModel */,
				C45EBCF61AEED8F100CA9A5A /* LICENSE_jsonmodel.txt */,
				C45EBCF71AEED8F100CA9A5A /* README.md */,
			);
			path = JSONModel;
			sourceTree = "<group>";
		};
		C45EBCDC1AEED8F100CA9A5A /* JSONModel */ = {
			isa = PBXGroup;
			children = (
				C45EBCE61AEED8F100CA9A5A /* JSONModelCategories */,
				C45EBCE91AEED8F100CA9A5A /* JSONModelLib.h */,
				C45EBCEA1AEED8F100CA9A5A /* JSONModelNetworking */,
				C45EBCF11AEED8F100CA9A5A /* JSONModelTransformations */,
			);
			path = JSONModel;
			sourceTree = "<group>";
		};
		C45EBCDD1AEED8F100CA9A5A /* JSONModel */ = {
			isa = PBXGroup;
			children = (
				C45EBCDE1AEED8F100CA9A5A /* JSONModel.h */,
				C45EBCDF1AEED8F100CA9A5A /* JSONModel.m */,
				C45EBCE01AEED8F100CA9A5A /* JSONModelArray.h */,
				C45EBCE11AEED8F100CA9A5A /* JSONModelArray.m */,
				C45EBCE21AEED8F100CA9A5A /* JSONModelClassProperty.h */,
				C45EBCE31AEED8F100CA9A5A /* JSONModelClassProperty.m */,
				C45EBCE41AEED8F100CA9A5A /* JSONModelError.h */,
				C45EBCE51AEED8F100CA9A5A /* JSONModelError.m */,
			);
			name = JSONModel;
			path = JSONModel/JSONModel/JSONModel;
			sourceTree = "<group>";
		};
		C45EBCE61AEED8F100CA9A5A /* JSONModelCategories */ = {
			isa = PBXGroup;
			children = (
				C45EBCE71AEED8F100CA9A5A /* NSArray+JSONModel.h */,
				C45EBCE81AEED8F100CA9A5A /* NSArray+JSONModel.m */,
			);
			path = JSONModelCategories;
			sourceTree = "<group>";
		};
		C45EBCEA1AEED8F100CA9A5A /* JSONModelNetworking */ = {
			isa = PBXGroup;
			children = (
				C45EBCEB1AEED8F100CA9A5A /* JSONAPI.h */,
				C45EBCEC1AEED8F100CA9A5A /* JSONAPI.m */,
				C45EBCED1AEED8F100CA9A5A /* JSONHTTPClient.h */,
				C45EBCEE1AEED8F100CA9A5A /* JSONHTTPClient.m */,
				C45EBCEF1AEED8F100CA9A5A /* JSONModel+networking.h */,
				C45EBCF01AEED8F100CA9A5A /* JSONModel+networking.m */,
			);
			path = JSONModelNetworking;
			sourceTree = "<group>";
		};
		C45EBCF11AEED8F100CA9A5A /* JSONModelTransformations */ = {
			isa = PBXGroup;
			children = (
				C45EBCF21AEED8F100CA9A5A /* JSONKeyMapper.h */,
				C45EBCF31AEED8F100CA9A5A /* JSONKeyMapper.m */,
				C45EBCF41AEED8F100CA9A5A /* JSONValueTransformer.h */,
				C45EBCF51AEED8F100CA9A5A /* JSONValueTransformer.m */,
			);
			path = JSONModelTransformations;
			sourceTree = "<group>";
		};
		C4C76FD61AE56DBD0022D94D /* Controllers */ = {
			isa = PBXGroup;
			children = (
				C4C76FDD1AE5742F0022D94D /* LoginViewController.h */,
				C4C76FD81AE56DFE0022D94D /* LoginViewController.m */,
				C447B6861AE059E700F76EFE /* USAAViewController.h */,
				C447B6871AE059E700F76EFE /* USAAViewController.m */,
				C447B73E1AE4441C00F76EFE /* BankSelectionViewController.h */,
				C447B73F1AE4441C00F76EFE /* BankSelectionViewController.m */,
				C447B7051AE42E3400F76EFE /* SignUpViewController.h */,
				C447B7061AE42E3400F76EFE /* SignUpViewController.m */,
				C447B7011AE17C6D00F76EFE /* AccountViewController.h */,
				C447B7021AE17C6D00F76EFE /* AccountViewController.m */,
				C447B6FD1AE17BBF00F76EFE /* TransactionViewController.h */,
				C447B6FE1AE17BBF00F76EFE /* TransactionViewController.m */,
				C447B6EC1AE06DB700F76EFE /* MFAViewController.h */,
				C447B6ED1AE06DB700F76EFE /* MFAViewController.m */,
				C40809C61AE60088003E0F0C /* BofaViewController.h */,
				C40809C71AE60088003E0F0C /* BofaViewController.m */,
				C45EBD041AEEEC2500CA9A5A /* WellsViewController.h */,
				C45EBD051AEEEC2500CA9A5A /* WellsViewController.m */,
			);
			name = Controllers;
			sourceTree = "<group>";
		};
		C4C76FDB1AE56E480022D94D /* View */ = {
			isa = PBXGroup;
			children = (
				C447B6891AE059E700F76EFE /* Main.storyboard */,
				C447B68E1AE059E700F76EFE /* LaunchScreen.xib */,
			);
			name = View;
			sourceTree = "<group>";
		};
/* End PBXGroup section */

/* Begin PBXNativeTarget section */
		C447B67B1AE059E700F76EFE /* Plaid2 */ = {
			isa = PBXNativeTarget;
			buildConfigurationList = C447B69F1AE059E700F76EFE /* Build configuration list for PBXNativeTarget "Plaid2" */;
			buildPhases = (
				C447B6781AE059E700F76EFE /* Sources */,
				C447B6791AE059E700F76EFE /* Frameworks */,
				C447B67A1AE059E700F76EFE /* Resources */,
			);
			buildRules = (
			);
			dependencies = (
			);
			name = Plaid2;
			productName = Plaid2;
			productReference = C447B67C1AE059E700F76EFE /* Plaid2.app */;
			productType = "com.apple.product-type.application";
		};
		C447B6941AE059E700F76EFE /* Plaid2Tests */ = {
			isa = PBXNativeTarget;
			buildConfigurationList = C447B6A21AE059E700F76EFE /* Build configuration list for PBXNativeTarget "Plaid2Tests" */;
			buildPhases = (
				C447B6911AE059E700F76EFE /* Sources */,
				C447B6921AE059E700F76EFE /* Frameworks */,
				C447B6931AE059E700F76EFE /* Resources */,
			);
			buildRules = (
			);
			dependencies = (
				C447B6971AE059E700F76EFE /* PBXTargetDependency */,
			);
			name = Plaid2Tests;
			productName = Plaid2Tests;
			productReference = C447B6951AE059E700F76EFE /* Plaid2Tests.xctest */;
			productType = "com.apple.product-type.bundle.unit-test";
		};
/* End PBXNativeTarget section */

/* Begin PBXProject section */
		C447B6741AE059E600F76EFE /* Project object */ = {
			isa = PBXProject;
			attributes = {
				LastUpgradeCheck = 0630;
				ORGANIZATIONNAME = "Matt Larkin";
				TargetAttributes = {
					C447B67B1AE059E700F76EFE = {
						CreatedOnToolsVersion = 6.3;
						SystemCapabilities = {
							com.apple.InAppPurchase = {
								enabled = 0;
							};
						};
					};
					C447B6941AE059E700F76EFE = {
						CreatedOnToolsVersion = 6.3;
						TestTargetID = C447B67B1AE059E700F76EFE;
					};
				};
			};
			buildConfigurationList = C447B6771AE059E600F76EFE /* Build configuration list for PBXProject "Plaid2" */;
			compatibilityVersion = "Xcode 3.2";
			developmentRegion = English;
			hasScannedForEncodings = 0;
			knownRegions = (
				en,
				Base,
			);
			mainGroup = C447B6731AE059E600F76EFE;
			productRefGroup = C447B67D1AE059E700F76EFE /* Products */;
			projectDirPath = "";
			projectRoot = "";
			targets = (
				C447B67B1AE059E700F76EFE /* Plaid2 */,
				C447B6941AE059E700F76EFE /* Plaid2Tests */,
			);
		};
/* End PBXProject section */

/* Begin PBXResourcesBuildPhase section */
		C447B67A1AE059E700F76EFE /* Resources */ = {
			isa = PBXResourcesBuildPhase;
			buildActionMask = 2147483647;
			files = (
				C45EBD021AEED8F100CA9A5A /* LICENSE_jsonmodel.txt in Resources */,
				C447B68B1AE059E700F76EFE /* Main.storyboard in Resources */,
				C447B6901AE059E700F76EFE /* LaunchScreen.xib in Resources */,
				C447B68D1AE059E700F76EFE /* Images.xcassets in Resources */,
			);
			runOnlyForDeploymentPostprocessing = 0;
		};
		C447B6931AE059E700F76EFE /* Resources */ = {
			isa = PBXResourcesBuildPhase;
			buildActionMask = 2147483647;
			files = (
				C4C76FDE1AE58F300022D94D /* Main.storyboard in Resources */,
			);
			runOnlyForDeploymentPostprocessing = 0;
		};
/* End PBXResourcesBuildPhase section */

/* Begin PBXSourcesBuildPhase section */
		C447B6781AE059E700F76EFE /* Sources */ = {
			isa = PBXSourcesBuildPhase;
			buildActionMask = 2147483647;
			files = (
				C45EBD061AEEEC2500CA9A5A /* WellsViewController.m in Sources */,
				C45EBC991AEC871C00CA9A5A /* Meta.m in Sources */,
				C45EBCFC1AEED8F100CA9A5A /* NSArray+JSONModel.m in Sources */,
				C447B6CE1AE05A2E00F76EFE /* AFHTTPRequestOperation.m in Sources */,
				C45EBD011AEED8F100CA9A5A /* JSONValueTransformer.m in Sources */,
				C447B6881AE059E700F76EFE /* USAAViewController.m in Sources */,
				C447B6CF1AE05A2E00F76EFE /* AFHTTPRequestOperationManager.m in Sources */,
				C447B6D11AE05A2E00F76EFE /* AFNetworkReachabilityManager.m in Sources */,
				C447B7071AE42E3400F76EFE /* SignUpViewController.m in Sources */,
				C447B6E81AE05A6300F76EFE /* PlaidHTTPClient.m in Sources */,
				C45EBCA21AEC880600CA9A5A /* CategoryId.m in Sources */,
				C45EBC9F1AEC87D300CA9A5A /* Transactions.m in Sources */,
				C447B6F61AE15A0400F76EFE /* Accounts.m in Sources */,
				C447B6D51AE05A2E00F76EFE /* AFURLResponseSerialization.m in Sources */,
				C40809D91AE6AE21003E0F0C /* KeychainWrapper.m in Sources */,
				C45EBCA81AEC886100CA9A5A /* Score.m in Sources */,
				C447B6D31AE05A2E00F76EFE /* AFURLConnectionOperation.m in Sources */,
				C447B6D21AE05A2E00F76EFE /* AFSecurityPolicy.m in Sources */,
				C447B7031AE17C6D00F76EFE /* AccountViewController.m in Sources */,
				C447B6D01AE05A2E00F76EFE /* AFHTTPSessionManager.m in Sources */,
				C45EBD001AEED8F100CA9A5A /* JSONKeyMapper.m in Sources */,
				C447B6D41AE05A2E00F76EFE /* AFURLRequestSerialization.m in Sources */,
				C4501DD11AE93F3F00B41BE9 /* CredentialStore.m in Sources */,
				C45EBCFD1AEED8F100CA9A5A /* JSONAPI.m in Sources */,
				C45EBCFF1AEED8F100CA9A5A /* JSONModel+networking.m in Sources */,
				C447B6D61AE05A2E00F76EFE /* AFURLSessionManager.m in Sources */,
				C447B6851AE059E700F76EFE /* AppDelegate.m in Sources */,
				C45EBCF91AEED8F100CA9A5A /* JSONModelArray.m in Sources */,
				C45EBCAB1AEC888000CA9A5A /* Type.m in Sources */,
				C447B7401AE4441C00F76EFE /* BankSelectionViewController.m in Sources */,
				C447B6821AE059E700F76EFE /* main.m in Sources */,
				C447B6EE1AE06DB700F76EFE /* MFAViewController.m in Sources */,
				C45EBCFB1AEED8F100CA9A5A /* JSONModelError.m in Sources */,
				C45EBCFA1AEED8F100CA9A5A /* JSONModelClassProperty.m in Sources */,
				C40809C81AE60088003E0F0C /* BofaViewController.m in Sources */,
				C4C76FDC1AE573F20022D94D /* LoginViewController.m in Sources */,
				C45EBCA51AEC882D00CA9A5A /* Location.m in Sources */,
				C45EBCFE1AEED8F100CA9A5A /* JSONHTTPClient.m in Sources */,
				C45EBCF81AEED8F100CA9A5A /* JSONModel.m in Sources */,
				C45EBC9C1AEC876500CA9A5A /* Balance.m in Sources */,
				C45EBD031AEED8F100CA9A5A /* README.md in Sources */,
				C447B6FF1AE17BBF00F76EFE /* TransactionViewController.m in Sources */,
			);
			runOnlyForDeploymentPostprocessing = 0;
		};
		C447B6911AE059E700F76EFE /* Sources */ = {
			isa = PBXSourcesBuildPhase;
			buildActionMask = 2147483647;
			files = (
				C447B6F71AE15A0400F76EFE /* Accounts.m in Sources */,
				C447B6EF1AE06DB700F76EFE /* MFAViewController.m in Sources */,
				C447B69C1AE059E700F76EFE /* Plaid2Tests.m in Sources */,
				C4501DD21AE93F3F00B41BE9 /* CredentialStore.m in Sources */,
				C447B7411AE4441C00F76EFE /* BankSelectionViewController.m in Sources */,
				C40809C91AE60088003E0F0C /* BofaViewController.m in Sources */,
				C447B7081AE42E3400F76EFE /* SignUpViewController.m in Sources */,
				C40809DA1AE6AE21003E0F0C /* KeychainWrapper.m in Sources */,
				C447B6E91AE05A6300F76EFE /* PlaidHTTPClient.m in Sources */,
				C447B7041AE17C6D00F76EFE /* AccountViewController.m in Sources */,
				C4C76FDA1AE56DFE0022D94D /* LoginViewController.m in Sources */,
				C447B7001AE17BBF00F76EFE /* TransactionViewController.m in Sources */,
			);
			runOnlyForDeploymentPostprocessing = 0;
		};
/* End PBXSourcesBuildPhase section */

/* Begin PBXTargetDependency section */
		C447B6971AE059E700F76EFE /* PBXTargetDependency */ = {
			isa = PBXTargetDependency;
			target = C447B67B1AE059E700F76EFE /* Plaid2 */;
			targetProxy = C447B6961AE059E700F76EFE /* PBXContainerItemProxy */;
		};
/* End PBXTargetDependency section */

/* Begin PBXVariantGroup section */
		C447B6891AE059E700F76EFE /* Main.storyboard */ = {
			isa = PBXVariantGroup;
			children = (
				C447B68A1AE059E700F76EFE /* Base */,
			);
			name = Main.storyboard;
			sourceTree = "<group>";
		};
		C447B68E1AE059E700F76EFE /* LaunchScreen.xib */ = {
			isa = PBXVariantGroup;
			children = (
				C447B68F1AE059E700F76EFE /* Base */,
			);
			name = LaunchScreen.xib;
			sourceTree = "<group>";
		};
/* End PBXVariantGroup section */

/* Begin XCBuildConfiguration section */
		C447B69D1AE059E700F76EFE /* Debug */ = {
			isa = XCBuildConfiguration;
			buildSettings = {
				ALWAYS_SEARCH_USER_PATHS = NO;
				CLANG_CXX_LANGUAGE_STANDARD = "gnu++0x";
				CLANG_CXX_LIBRARY = "libc++";
				CLANG_ENABLE_MODULES = YES;
				CLANG_ENABLE_OBJC_ARC = YES;
				CLANG_WARN_BOOL_CONVERSION = YES;
				CLANG_WARN_CONSTANT_CONVERSION = YES;
				CLANG_WARN_DIRECT_OBJC_ISA_USAGE = YES_ERROR;
				CLANG_WARN_EMPTY_BODY = YES;
				CLANG_WARN_ENUM_CONVERSION = YES;
				CLANG_WARN_INT_CONVERSION = YES;
				CLANG_WARN_OBJC_ROOT_CLASS = YES_ERROR;
				CLANG_WARN_UNREACHABLE_CODE = YES;
				CLANG_WARN__DUPLICATE_METHOD_MATCH = YES;
				"CODE_SIGN_IDENTITY[sdk=iphoneos*]" = "iPhone Developer";
				COPY_PHASE_STRIP = NO;
				DEBUG_INFORMATION_FORMAT = "dwarf-with-dsym";
				ENABLE_STRICT_OBJC_MSGSEND = YES;
				GCC_C_LANGUAGE_STANDARD = gnu99;
				GCC_DYNAMIC_NO_PIC = NO;
				GCC_NO_COMMON_BLOCKS = YES;
				GCC_OPTIMIZATION_LEVEL = 0;
				GCC_PREPROCESSOR_DEFINITIONS = (
					"DEBUG=1",
					"$(inherited)",
				);
				GCC_SYMBOLS_PRIVATE_EXTERN = NO;
				GCC_WARN_64_TO_32_BIT_CONVERSION = YES;
				GCC_WARN_ABOUT_RETURN_TYPE = YES_ERROR;
				GCC_WARN_UNDECLARED_SELECTOR = YES;
				GCC_WARN_UNINITIALIZED_AUTOS = YES_AGGRESSIVE;
				GCC_WARN_UNUSED_FUNCTION = YES;
				GCC_WARN_UNUSED_VARIABLE = YES;
				IPHONEOS_DEPLOYMENT_TARGET = 8.3;
				MTL_ENABLE_DEBUG_INFO = YES;
				ONLY_ACTIVE_ARCH = YES;
				SDKROOT = iphoneos;
			};
			name = Debug;
		};
		C447B69E1AE059E700F76EFE /* Release */ = {
			isa = XCBuildConfiguration;
			buildSettings = {
				ALWAYS_SEARCH_USER_PATHS = NO;
				CLANG_CXX_LANGUAGE_STANDARD = "gnu++0x";
				CLANG_CXX_LIBRARY = "libc++";
				CLANG_ENABLE_MODULES = YES;
				CLANG_ENABLE_OBJC_ARC = YES;
				CLANG_WARN_BOOL_CONVERSION = YES;
				CLANG_WARN_CONSTANT_CONVERSION = YES;
				CLANG_WARN_DIRECT_OBJC_ISA_USAGE = YES_ERROR;
				CLANG_WARN_EMPTY_BODY = YES;
				CLANG_WARN_ENUM_CONVERSION = YES;
				CLANG_WARN_INT_CONVERSION = YES;
				CLANG_WARN_OBJC_ROOT_CLASS = YES_ERROR;
				CLANG_WARN_UNREACHABLE_CODE = YES;
				CLANG_WARN__DUPLICATE_METHOD_MATCH = YES;
				"CODE_SIGN_IDENTITY[sdk=iphoneos*]" = "iPhone Developer";
				COPY_PHASE_STRIP = NO;
				DEBUG_INFORMATION_FORMAT = "dwarf-with-dsym";
				ENABLE_NS_ASSERTIONS = NO;
				ENABLE_STRICT_OBJC_MSGSEND = YES;
				GCC_C_LANGUAGE_STANDARD = gnu99;
				GCC_NO_COMMON_BLOCKS = YES;
				GCC_WARN_64_TO_32_BIT_CONVERSION = YES;
				GCC_WARN_ABOUT_RETURN_TYPE = YES_ERROR;
				GCC_WARN_UNDECLARED_SELECTOR = YES;
				GCC_WARN_UNINITIALIZED_AUTOS = YES_AGGRESSIVE;
				GCC_WARN_UNUSED_FUNCTION = YES;
				GCC_WARN_UNUSED_VARIABLE = YES;
				IPHONEOS_DEPLOYMENT_TARGET = 8.3;
				MTL_ENABLE_DEBUG_INFO = NO;
				SDKROOT = iphoneos;
				VALIDATE_PRODUCT = YES;
			};
			name = Release;
		};
		C447B6A01AE059E700F76EFE /* Debug */ = {
			isa = XCBuildConfiguration;
			buildSettings = {
				ASSETCATALOG_COMPILER_APPICON_NAME = AppIcon;
				CLANG_ENABLE_OBJC_ARC = YES;
				CODE_SIGN_IDENTITY = "iPhone Developer";
				DEBUG_INFORMATION_FORMAT = dwarf;
				FRAMEWORK_SEARCH_PATHS = (
					"$(inherited)",
					"$(PROJECT_DIR)/parse-library-1-3",
					"$(PROJECT_DIR)/Plaid2/parse-library-1-3",
				);
				INFOPLIST_FILE = Plaid2/Info.plist;
				IPHONEOS_DEPLOYMENT_TARGET = 8.3;
				LD_RUNPATH_SEARCH_PATHS = "$(inherited) @executable_path/Frameworks";
				PRODUCT_NAME = "$(TARGET_NAME)";
			};
			name = Debug;
		};
		C447B6A11AE059E700F76EFE /* Release */ = {
			isa = XCBuildConfiguration;
			buildSettings = {
				ASSETCATALOG_COMPILER_APPICON_NAME = AppIcon;
				CLANG_ENABLE_OBJC_ARC = YES;
				CODE_SIGN_IDENTITY = "iPhone Developer";
				DEBUG_INFORMATION_FORMAT = dwarf;
				FRAMEWORK_SEARCH_PATHS = (
					"$(inherited)",
					"$(PROJECT_DIR)/parse-library-1-3",
					"$(PROJECT_DIR)/Plaid2/parse-library-1-3",
				);
				INFOPLIST_FILE = Plaid2/Info.plist;
				IPHONEOS_DEPLOYMENT_TARGET = 8.3;
				LD_RUNPATH_SEARCH_PATHS = "$(inherited) @executable_path/Frameworks";
				PRODUCT_NAME = "$(TARGET_NAME)";
			};
			name = Release;
		};
		C447B6A31AE059E700F76EFE /* Debug */ = {
			isa = XCBuildConfiguration;
			buildSettings = {
				BUNDLE_LOADER = "$(TEST_HOST)";
				FRAMEWORK_SEARCH_PATHS = (
					"$(SDKROOT)/Developer/Library/Frameworks",
					"$(inherited)",
					"$(PROJECT_DIR)/Plaid2/parse-library-1-3",
				);
				GCC_PREPROCESSOR_DEFINITIONS = (
					"DEBUG=1",
					"$(inherited)",
				);
				INFOPLIST_FILE = Plaid2Tests/Info.plist;
				LD_RUNPATH_SEARCH_PATHS = "$(inherited) @executable_path/Frameworks @loader_path/Frameworks";
				PRODUCT_NAME = "$(TARGET_NAME)";
				TEST_HOST = "$(BUILT_PRODUCTS_DIR)/Plaid2.app/Plaid2";
			};
			name = Debug;
		};
		C447B6A41AE059E700F76EFE /* Release */ = {
			isa = XCBuildConfiguration;
			buildSettings = {
				BUNDLE_LOADER = "$(TEST_HOST)";
				FRAMEWORK_SEARCH_PATHS = (
					"$(SDKROOT)/Developer/Library/Frameworks",
					"$(inherited)",
					"$(PROJECT_DIR)/Plaid2/parse-library-1-3",
				);
				INFOPLIST_FILE = Plaid2Tests/Info.plist;
				LD_RUNPATH_SEARCH_PATHS = "$(inherited) @executable_path/Frameworks @loader_path/Frameworks";
				PRODUCT_NAME = "$(TARGET_NAME)";
				TEST_HOST = "$(BUILT_PRODUCTS_DIR)/Plaid2.app/Plaid2";
			};
			name = Release;
		};
/* End XCBuildConfiguration section */

/* Begin XCConfigurationList section */
		C447B6771AE059E600F76EFE /* Build configuration list for PBXProject "Plaid2" */ = {
			isa = XCConfigurationList;
			buildConfigurations = (
				C447B69D1AE059E700F76EFE /* Debug */,
				C447B69E1AE059E700F76EFE /* Release */,
			);
			defaultConfigurationIsVisible = 0;
			defaultConfigurationName = Release;
		};
		C447B69F1AE059E700F76EFE /* Build configuration list for PBXNativeTarget "Plaid2" */ = {
			isa = XCConfigurationList;
			buildConfigurations = (
				C447B6A01AE059E700F76EFE /* Debug */,
				C447B6A11AE059E700F76EFE /* Release */,
			);
			defaultConfigurationIsVisible = 0;
			defaultConfigurationName = Release;
		};
		C447B6A21AE059E700F76EFE /* Build configuration list for PBXNativeTarget "Plaid2Tests" */ = {
			isa = XCConfigurationList;
			buildConfigurations = (
				C447B6A31AE059E700F76EFE /* Debug */,
				C447B6A41AE059E700F76EFE /* Release */,
			);
			defaultConfigurationIsVisible = 0;
			defaultConfigurationName = Release;
		};
/* End XCConfigurationList section */
	};
	rootObject = C447B6741AE059E600F76EFE /* Project object */;
}
